lockfileVersion: 5.3

specifiers:
  '@sapphire/framework': ^2.4.0
  '@sapphire/plugin-editable-commands': ^1.1.3
  '@sapphire/plugin-logger': ^2.1.3
  '@sapphire/prettier-config': ^1.3.0
  colorette: ^2.0.16
  discord.js: ^13.6.0
  prettier: ^2.5.1

dependencies:
  '@sapphire/framework': 2.4.0
  '@sapphire/plugin-editable-commands': 1.1.3
  '@sapphire/plugin-logger': 2.1.3
  colorette: 2.0.16
  discord.js: 13.6.0

devDependencies:
  '@sapphire/prettier-config': 1.3.0
  prettier: 2.5.1

packages:

  /@discordjs/builders/0.11.0:
    resolution: {integrity: sha512-ZTB8yJdJKrKlq44dpWkNUrAtEJEq0gqpb7ASdv4vmq6/mZal5kOv312hQ56I/vxwMre+VIkoHquNUAfnTbiYtg==}
    engines: {node: '>=16.0.0', npm: '>=7.0.0'}
    dependencies:
      '@sindresorhus/is': 4.4.0
      discord-api-types: 0.26.1
      ts-mixer: 6.0.0
      tslib: 2.3.1
      zod: 3.11.6
    dev: false

  /@discordjs/collection/0.3.2:
    resolution: {integrity: sha512-dMjLl60b2DMqObbH1MQZKePgWhsNe49XkKBZ0W5Acl5uVV43SN414i2QfZwRI7dXAqIn8pEWD2+XXQFn9KWxqg==}
    engines: {node: '>=16.0.0', npm: '>=7.0.0'}
    dev: false

  /@discordjs/collection/0.4.0:
    resolution: {integrity: sha512-zmjq+l/rV35kE6zRrwe8BHqV78JvIh2ybJeZavBi5NySjWXqN3hmmAKg7kYMMXSeiWtSsMoZ/+MQi0DiQWy2lw==}
    engines: {node: '>=16.0.0', npm: '>=7.0.0'}
    dev: false

  /@sapphire/async-queue/1.2.0:
    resolution: {integrity: sha512-O5ND5Ljpef86X5oy8zXorQ754TMjWALcPSAgPBu4+76HLtDTrNoDyzU2uGE2G4A8Wv51u0MXHzGQ0WZ4GMtpIw==}
    engines: {node: '>=v14.0.0', npm: '>=7.0.0'}
    dev: false

  /@sapphire/discord-utilities/2.8.0:
    resolution: {integrity: sha512-ft/YqG534nLsF58ws6KqgikhSEQgtzPErGT8IlHuGL4/dsUvYJc7wp+gwwy7tftXG54ie+Sa/IabK7wBxRsdlQ==}
    engines: {node: '>=v14.0.0', npm: '>=7.0.0'}
    dependencies:
      twemoji-parser: 13.1.0
    dev: false

  /@sapphire/discord.js-utilities/4.8.0:
    resolution: {integrity: sha512-Pah2t0Sy5hwpIWXP86yHdRmKQYaJdmqxaNawL6SXk3M/VTcJGuNFvUX0Ifk2FlWoPiSJfP+xVuzhug+tnOP6RA==}
    engines: {node: '>=16.6.0', npm: '>=7.0.0'}
    dependencies:
      '@sapphire/discord-utilities': 2.8.0
      '@sapphire/time-utilities': 1.6.0
      '@sapphire/utilities': 3.3.0
      tslib: 2.3.1
    dev: false

  /@sapphire/framework/2.4.0:
    resolution: {integrity: sha512-riSa2q6dUZeEcsP1INq2kHOukLGDLniD3JsAtx1SNBS1K73tUbm4HUO0Ez7xQJUiWJXpAOGAncddHrYK3BeJPg==}
    engines: {node: '>=16.6.0', npm: '>=7.0.0'}
    dependencies:
      '@sapphire/discord-utilities': 2.8.0
      '@sapphire/discord.js-utilities': 4.8.0
      '@sapphire/pieces': 3.2.0
      '@sapphire/ratelimits': 2.3.0
      '@sapphire/utilities': 3.3.0
      lexure: 0.17.0
      tslib: 2.3.1
    dev: false

  /@sapphire/pieces/3.2.0:
    resolution: {integrity: sha512-7V7R2ouluY5XBEN73cjwMuKI8O4RsSSH8VY6xzYxbMKBA+LAGo0nPTMZ/XzEgHDopIrbcYKJMVZHpjKHWhniKA==}
    engines: {node: '>=v14.0.0', npm: '>=7.0.0'}
    dependencies:
      '@discordjs/collection': 0.3.2
      '@sapphire/utilities': 3.3.0
      tslib: 2.3.1
    dev: false

  /@sapphire/plugin-editable-commands/1.1.3:
    resolution: {integrity: sha512-CHNdU/zE9ugaPajygZ/vI8glp1jRKbEVumoWNMOUhzN7bsV3xyAxQa8f4nyDk2/WheKBPXGF/NRVcsDcuPqLPw==}
    engines: {node: '>=16.6.0', npm: '>=7.0.0'}
    dependencies:
      '@skyra/editable-commands': 2.1.2
      tslib: 2.3.1
    dev: false

  /@sapphire/plugin-logger/2.1.3:
    resolution: {integrity: sha512-1zcmvxRyir+Y0h3VZ89Zu2rpkaiWwF2Qj9PGYfZSWMx2vZFnrxkfF7qeJGLZFuz/zFuSLG3u1mksOz2BAjj3Sg==}
    engines: {node: '>=v14.0.0', npm: '>=7.0.0'}
    dependencies:
      '@sapphire/time-utilities': 1.6.0
      colorette: 2.0.16
      tslib: 2.3.1
    dev: false

  /@sapphire/prettier-config/1.3.0:
    resolution: {integrity: sha512-4sJGcguVA4DAj2leIFwnKpHer0xwQWssmPxpBUSQkGYgS7oA64DIFG9XKI9+z0G5nMqP3BcVnlhNhKAd+PFXTA==}
    engines: {node: '>=v14.0.0', npm: '>=7.0.0'}
    dependencies:
      prettier: 2.5.1
    dev: true

  /@sapphire/ratelimits/2.3.0:
    resolution: {integrity: sha512-9M77G919H0slFMo8YJCwBbAsHcnxhiIQj/A6plzfbVLHx8nVA+tOkWguXZVJxw5Rz0hX9LyjWtNWJzPXmW12qA==}
    engines: {node: '>=v14.0.0', npm: '>=7.0.0'}
    dependencies:
      '@sapphire/time-utilities': 1.6.0
    dev: false

  /@sapphire/time-utilities/1.6.0:
    resolution: {integrity: sha512-GKS3LdHS7Bec+FUx9cZY88edebK9vdt5rm0VCgc8s17O/WHl5KFcuyXRlWyIF7TLlYe1vBmMIl5YBE1EjHvJBA==}
    engines: {node: '>=v14.0.0', npm: '>=7.0.0'}
    dependencies:
      '@sapphire/utilities': 3.3.0
    dev: false

  /@sapphire/utilities/3.3.0:
    resolution: {integrity: sha512-wWESfB03elALhci3GjcacRh8pnK89Qe5AEKCQplKyTCKabWl64SAFw52hQBth2fMmJStgK1fr87aGhRZAB8DNA==}
    engines: {node: '>=v14.0.0', npm: '>=7.0.0'}
    dev: false

  /@sindresorhus/is/4.4.0:
    resolution: {integrity: sha512-QppPM/8l3Mawvh4rn9CNEYIU9bxpXUCRMaX9yUpvBk1nMKusLKpfXGDEKExKaPhLzcn3lzil7pR6rnJ11HgeRQ==}
    engines: {node: '>=10'}
    dev: false

  /@skyra/editable-commands/2.1.2:
    resolution: {integrity: sha512-oS1fwZ/lIreqjw3V2fZthxxBWijAl+wZInExWjw1kC3eeF1ZKr/Sz9kqt554Aop9f7DjDtdV8vVqKbGl5iOx6A==}
    engines: {node: '>=16.6', npm: '>=7.24.2'}
    dev: false

  /@types/node-fetch/2.6.0:
    resolution: {integrity: sha512-HT+uU6V27wJFXgEqTk/+rVE1MWcp5bg7Yuz//43TZ2PjpQbQ8vDLwVmB+fSpgs83j/+p+rMIlDRo9TL3IexWMA==}
    dependencies:
      '@types/node': 17.0.18
      form-data: 2.5.1
    dev: false

  /@types/node/17.0.18:
    resolution: {integrity: sha512-eKj4f/BsN/qcculZiRSujogjvp5O/k4lOW5m35NopjZM/QwLOR075a8pJW5hD+Rtdm2DaCVPENS6KtSQnUD6BA==}
    dev: false

  /@types/ws/8.2.2:
    resolution: {integrity: sha512-NOn5eIcgWLOo6qW8AcuLZ7G8PycXu0xTxxkS6Q18VWFxgPUSOwV0pBj2a/4viNZVu25i7RIB7GttdkAIUUXOOg==}
    dependencies:
      '@types/node': 17.0.18
    dev: false

  /asynckit/0.4.0:
    resolution: {integrity: sha1-x57Zf380y48robyXkLzDZkdLS3k=}
    dev: false

  /colorette/2.0.16:
    resolution: {integrity: sha512-hUewv7oMjCp+wkBv5Rm0v87eJhq4woh5rSR+42YSQJKecCqgIqNkZ6lAlQms/BwHPJA5NKMRlpxPRv0n8HQW6g==}
    dev: false

  /combined-stream/1.0.8:
    resolution: {integrity: sha512-FQN4MRfuJeHf7cBbBMJFXhKSDq+2kAArBlmRBvcvFE5BB1HZKXtSFASDhdlz9zOYwxh8lDdnvmMOe/+5cdoEdg==}
    engines: {node: '>= 0.8'}
    dependencies:
      delayed-stream: 1.0.0
    dev: false

  /delayed-stream/1.0.0:
    resolution: {integrity: sha1-3zrhmayt+31ECqrgsp4icrJOxhk=}
    engines: {node: '>=0.4.0'}
    dev: false

  /discord-api-types/0.26.1:
    resolution: {integrity: sha512-T5PdMQ+Y1MEECYMV5wmyi9VEYPagEDEi4S0amgsszpWY0VB9JJ/hEvM6BgLhbdnKky4gfmZEXtEEtojN8ZKJQQ==}
    engines: {node: '>=12'}
    deprecated: No longer supported. Install the latest release!
    dev: false

  /discord.js/13.6.0:
    resolution: {integrity: sha512-tXNR8zgsEPxPBvGk3AQjJ9ljIIC6/LOPjzKwpwz8Y1Q2X66Vi3ZqFgRHYwnHKC0jC0F+l4LzxlhmOJsBZDNg9g==}
    engines: {node: '>=16.6.0', npm: '>=7.0.0'}
    dependencies:
      '@discordjs/builders': 0.11.0
      '@discordjs/collection': 0.4.0
      '@sapphire/async-queue': 1.2.0
      '@types/node-fetch': 2.6.0
      '@types/ws': 8.2.2
      discord-api-types: 0.26.1
      form-data: 4.0.0
      node-fetch: 2.6.7
      ws: 8.5.0
    transitivePeerDependencies:
      - bufferutil
      - encoding
      - utf-8-validate
    dev: false

  /form-data/2.5.1:
    resolution: {integrity: sha512-m21N3WOmEEURgk6B9GLOE4RuWOFf28Lhh9qGYeNlGq4VDXUlJy2th2slBNU8Gp8EzloYZOibZJ7t5ecIrFSjVA==}
    engines: {node: '>= 0.12'}
    dependencies:
      asynckit: 0.4.0
      combined-stream: 1.0.8
      mime-types: 2.1.34
    dev: false

  /form-data/4.0.0:
    resolution: {integrity: sha512-ETEklSGi5t0QMZuiXoA/Q6vcnxcLQP5vdugSpuAyi6SVGi2clPPp+xgEhuMaHC+zGgn31Kd235W35f7Hykkaww==}
    engines: {node: '>= 6'}
    dependencies:
      asynckit: 0.4.0
      combined-stream: 1.0.8
      mime-types: 2.1.34
    dev: false

  /lexure/0.17.0:
    resolution: {integrity: sha512-0L8GqFgPW36sLNqxdp2VOOef5Ajpb98kc0Zk4AzE+Yf0xYTDndcT1vpFqwkTdrCCw+FV8DH4mC9NUw0RlARThA==}
    engines: {node: '>=12.0.0'}
    dev: false

  /mime-db/1.51.0:
    resolution: {integrity: sha512-5y8A56jg7XVQx2mbv1lu49NR4dokRnhZYTtL+KGfaa27uq4pSTXkwQkFJl4pkRMyNFz/EtYDSkiiEHx3F7UN6g==}
    engines: {node: '>= 0.6'}
    dev: false

  /mime-types/2.1.34:
    resolution: {integrity: sha512-6cP692WwGIs9XXdOO4++N+7qjqv0rqxxVvJ3VHPh/Sc9mVZcQP+ZGhkKiTvWMQRr2tbHkJP/Yn7Y0npb3ZBs4A==}
    engines: {node: '>= 0.6'}
    dependencies:
      mime-db: 1.51.0
    dev: false

  /node-fetch/2.6.7:
    resolution: {integrity: sha512-ZjMPFEfVx5j+y2yF35Kzx5sF7kDzxuDj6ziH4FFbOp87zKDZNx8yExJIb05OGF4Nlt9IHFIMBkRl41VdvcNdbQ==}
    engines: {node: 4.x || >=6.0.0}
    peerDependencies:
      encoding: ^0.1.0
    peerDependenciesMeta:
      encoding:
        optional: true
    dependencies:
      whatwg-url: 5.0.0
    dev: false

  /prettier/2.5.1:
    resolution: {integrity: sha512-vBZcPRUR5MZJwoyi3ZoyQlc1rXeEck8KgeC9AwwOn+exuxLxq5toTRDTSaVrXHxelDMHy9zlicw8u66yxoSUFg==}
    engines: {node: '>=10.13.0'}
    hasBin: true
    dev: true

  /tr46/0.0.3:
    resolution: {integrity: sha1-gYT9NH2snNwYWZLzpmIuFLnZq2o=}
    dev: false

  /ts-mixer/6.0.0:
    resolution: {integrity: sha512-nXIb1fvdY5CBSrDIblLn73NW0qRDk5yJ0Sk1qPBF560OdJfQp9jhl+0tzcY09OZ9U+6GpeoI9RjwoIKFIoB9MQ==}
    dev: false

  /tslib/2.3.1:
    resolution: {integrity: sha512-77EbyPPpMz+FRFRuAFlWMtmgUWGe9UOG2Z25NqCwiIjRhOf5iKGuzSe5P2w1laq+FkRy4p+PCuVkJSGkzTEKVw==}
    dev: false

  /twemoji-parser/13.1.0:
    resolution: {integrity: sha512-AQOzLJpYlpWMy8n+0ATyKKZzWlZBJN+G0C+5lhX7Ftc2PeEVdUU/7ns2Pn2vVje26AIZ/OHwFoUbdv6YYD/wGg==}
    dev: false

  /webidl-conversions/3.0.1:
    resolution: {integrity: sha1-JFNCdeKnvGvnvIZhHMFq4KVlSHE=}
    dev: false

  /whatwg-url/5.0.0:
    resolution: {integrity: sha1-lmRU6HZUYuN2RNNib2dCzotwll0=}
    dependencies:
      tr46: 0.0.3
      webidl-conversions: 3.0.1
    dev: false

  /ws/8.5.0:
    resolution: {integrity: sha512-BWX0SWVgLPzYwF8lTzEy1egjhS4S4OEAHfsO8o65WOVsrnSRGaSiUaa9e0ggGlkMTtBlmOpEXiie9RUcBO86qg==}
    engines: {node: '>=10.0.0'}
    peerDependencies:
      bufferutil: ^4.0.1
      utf-8-validate: ^5.0.2
    peerDependenciesMeta:
      bufferutil:
        optional: true
      utf-8-validate:
        optional: true
    dev: false

  /zod/3.11.6:
    resolution: {integrity: sha512-daZ80A81I3/9lIydI44motWe6n59kRBfNzTuS2bfzVh1nAXi667TOTWWtatxyG+fwgNUiagSj/CWZwRRbevJIg==}
    dev: false
